{
  "name": "monitoring-system-ubuntu",
  "lockfileVersion": 3,
  "requires": true,
  "packages": {
    "": {
      "dependencies": {
        "systeminformation": "^5.21.18"
      }
    },
    "node_modules/systeminformation": {
      "version": "5.21.18",
      "resolved": "https://registry.npmjs.org/systeminformation/-/systeminformation-5.21.18.tgz",
      "integrity": "sha512-PEoWd95nI5170rvIk4fagLH0SmzwfGt18w0+ex1Ljb2bSXvDs9PQdLNexMazL5L6Pzd6wxlpoWUAjX+hNRKN7g==",
      "os": [
        "darwin",
        "linux",
        "win32",
        "freebsd",
        "openbsd",
        "netbsd",
        "sunos",
        "android"
      ],
      "bin": {
        "systeminformation": "lib/cli.js"
      },
      "engines": {
        "node": ">=8.0.0"
      },
      "funding": {
        "type": "Buy me a coffee",
        "url": "https://www.buymeacoffee.com/systeminfo"
      }
    }
  }
}
